
Microsoft Visual Studio Solution File, Format Version 12.00
# Visual Studio Version 16
VisualStudioVersion = 16.0.29326.143
MinimumVisualStudioVersion = 10.0.40219.1
Project("{FAE04EC0-301F-11D3-BF4B-00C04F79EFBC}") = "MailService", "MailService\MailService.csproj", "{9A077296-2C75-4CFF-9366-C35F4EFC75A9}"
EndProject
Global
	GlobalSection(SolutionConfigurationPlatforms) = preSolution
		Debug|Any CPU = Debug|Any CPU
		Release|Any CPU = Release|Any CPU
	EndGlobalSection
	GlobalSection(ProjectConfigurationPlatforms) = postSolution
		{9A077296-2C75-4CFF-9366-C35F4EFC75A9}.Debug|Any CPU.ActiveCfg = Debug|Any CPU
		{9A077296-2C75-4CFF-9366-C35F4EFC75A9}.Debug|Any CPU.Build.0 = Debug|Any CPU
		{9A077296-2C75-4CFF-9366-C35F4EFC75A9}.Release|Any CPU.ActiveCfg = Release|Any CPU
		{9A077296-2C75-4CFF-9366-C35F4EFC75A9}.Release|Any CPU.Build.0 = Release|Any CPU
	EndGlobalSection
	GlobalSection(SolutionProperties) = preSolution
		HideSolutionNode = FALSE
	EndGlobalSection
	GlobalSection(ExtensibilityGlobals) = postSolution
		SolutionGuid = {F61535AB-D0C6-4A01-AA70-EA41EB2FD382}
	EndGlobalSection
EndGlobal
